
Microsoft Visual Studio Solution File, Format Version 12.00
# Visual Studio 15
VisualStudioVersion = 15.0.28307.168
MinimumVisualStudioVersion = 10.0.40219.1
Project("{FAE04EC0-301F-11D3-BF4B-00C04F79EFBC}") = "Kv6Receiver", "Kv6Receiver\Kv6Receiver.csproj", "{70C4DBB3-259C-4141-96F9-262D91635B65}"
EndProject
Global
	GlobalSection(SolutionConfigurationPlatforms) = preSolution
		Debug|Any CPU = Debug|Any CPU
		Release|Any CPU = Release|Any CPU
	EndGlobalSection
	GlobalSection(ProjectConfigurationPlatforms) = postSolution
		{70C4DBB3-259C-4141-96F9-262D91635B65}.Debug|Any CPU.ActiveCfg = Debug|Any CPU
		{70C4DBB3-259C-4141-96F9-262D91635B65}.Debug|Any CPU.Build.0 = Debug|Any CPU
		{70C4DBB3-259C-4141-96F9-262D91635B65}.Release|Any CPU.ActiveCfg = Release|Any CPU
		{70C4DBB3-259C-4141-96F9-262D91635B65}.Release|Any CPU.Build.0 = Release|Any CPU
	EndGlobalSection
	GlobalSection(SolutionProperties) = preSolution
		HideSolutionNode = FALSE
	EndGlobalSection
	GlobalSection(ExtensibilityGlobals) = postSolution
		SolutionGuid = {289E74EA-79BC-44C7-8B88-90843DCBD5D6}
	EndGlobalSection
EndGlobal
